
Microsoft Visual Studio Solution File, Format Version 12.00
# Visual Studio Version 17
VisualStudioVersion = 17.1.32319.34
MinimumVisualStudioVersion = 10.0.40219.1
Project("{FAE04EC0-301F-11D3-BF4B-00C04F79EFBC}") = "HandsOn7", "HandsOn7\HandsOn7.csproj", "{F06D3352-7E26-414E-BAA3-AF3A4493921A}"
EndProject
Global
	GlobalSection(SolutionConfigurationPlatforms) = preSolution
		Debug|Any CPU = Debug|Any CPU
		Release|Any CPU = Release|Any CPU
	EndGlobalSection
	GlobalSection(ProjectConfigurationPlatforms) = postSolution
		{F06D3352-7E26-414E-BAA3-AF3A4493921A}.Debug|Any CPU.ActiveCfg = Debug|Any CPU
		{F06D3352-7E26-414E-BAA3-AF3A4493921A}.Debug|Any CPU.Build.0 = Debug|Any CPU
		{F06D3352-7E26-414E-BAA3-AF3A4493921A}.Release|Any CPU.ActiveCfg = Release|Any CPU
		{F06D3352-7E26-414E-BAA3-AF3A4493921A}.Release|Any CPU.Build.0 = Release|Any CPU
	EndGlobalSection
	GlobalSection(SolutionProperties) = preSolution
		HideSolutionNode = FALSE
	EndGlobalSection
	GlobalSection(ExtensibilityGlobals) = postSolution
		SolutionGuid = {0BA194FE-4383-44DD-89EC-8D6B1453C5C5}
	EndGlobalSection
EndGlobal
